// !$*UTF8*$!
{
	archiveVersion = 1;
	classes = {
	};
	objectVersion = 46;
	objects = {

/* Begin PBXBuildFile section */
		4A8266C71BFD87E100807932 /* main.m in Sources */ = {isa = PBXBuildFile; fileRef = 4A8266C61BFD87E100807932 /* main.m */; };
		4A8266CA1BFD87E100807932 /* AppDelegate.m in Sources */ = {isa = PBXBuildFile; fileRef = 4A8266C91BFD87E100807932 /* AppDelegate.m */; };
		4A8266CD1BFD87E100807932 /* ViewController.m in Sources */ = {isa = PBXBuildFile; fileRef = 4A8266CC1BFD87E100807932 /* ViewController.m */; };
		4A8266D01BFD87E100807932 /* Main.storyboard in Resources */ = {isa = PBXBuildFile; fileRef = 4A8266CE1BFD87E100807932 /* Main.storyboard */; };
		4A8266D21BFD87E100807932 /* Assets.xcassets in Resources */ = {isa = PBXBuildFile; fileRef = 4A8266D11BFD87E100807932 /* Assets.xcassets */; };
		4A8266D51BFD87E100807932 /* LaunchScreen.storyboard in Resources */ = {isa = PBXBuildFile; fileRef = 4A8266D31BFD87E100807932 /* LaunchScreen.storyboard */; };
		4A8266F41BFD889100807932 /* NSLayoutConstraint+VisualFormat.m in Sources */ = {isa = PBXBuildFile; fileRef = 4A8266F11BFD889100807932 /* NSLayoutConstraint+VisualFormat.m */; };
		4A8266F51BFD889100807932 /* UIView+AutoLayout.m in Sources */ = {isa = PBXBuildFile; fileRef = 4A8266F31BFD889100807932 /* UIView+AutoLayout.m */; };
/* End PBXBuildFile section */

/* Begin PBXFileReference section */
		4A8266C21BFD87E100807932 /* AutoLayoutDemo.app */ = {isa = PBXFileReference; explicitFileType = wrapper.application; includeInIndex = 0; path = AutoLayoutDemo.app; sourceTree = BUILT_PRODUCTS_DIR; };
		4A8266C61BFD87E100807932 /* main.m */ = {isa = PBXFileReference; lastKnownFileType = sourcecode.c.objc; path = main.m; sourceTree = "<group>"; };
		4A8266C81BFD87E100807932 /* AppDelegate.h */ = {isa = PBXFileReference; lastKnownFileType = sourcecode.c.h; path = AppDelegate.h; sourceTree = "<group>"; };
		4A8266C91BFD87E100807932 /* AppDelegate.m */ = {isa = PBXFileReference; lastKnownFileType = sourcecode.c.objc; path = AppDelegate.m; sourceTree = "<group>"; };
		4A8266CB1BFD87E100807932 /* ViewController.h */ = {isa = PBXFileReference; lastKnownFileType = sourcecode.c.h; path = ViewController.h; sourceTree = "<group>"; };
		4A8266CC1BFD87E100807932 /* ViewController.m */ = {isa = PBXFileReference; lastKnownFileType = sourcecode.c.objc; path = ViewController.m; sourceTree = "<group>"; };
		4A8266CF1BFD87E100807932 /* Base */ = {isa = PBXFileReference; lastKnownFileType = file.storyboard; name = Base; path = Base.lproj/Main.storyboard; sourceTree = "<group>"; };
		4A8266D11BFD87E100807932 /* Assets.xcassets */ = {isa = PBXFileReference; lastKnownFileType = folder.assetcatalog; path = Assets.xcassets; sourceTree = "<group>"; };
		4A8266D41BFD87E100807932 /* Base */ = {isa = PBXFileReference; lastKnownFileType = file.storyboard; name = Base; path = Base.lproj/LaunchScreen.storyboard; sourceTree = "<group>"; };
		4A8266D61BFD87E100807932 /* Info.plist */ = {isa = PBXFileReference; lastKnownFileType = text.plist.xml; path = Info.plist; sourceTree = "<group>"; };
		4A8266F01BFD889100807932 /* NSLayoutConstraint+VisualFormat.h */ = {isa = PBXFileReference; fileEncoding = 4; lastKnownFileType = sourcecode.c.h; path = "NSLayoutConstraint+VisualFormat.h"; sourceTree = "<group>"; };
		4A8266F11BFD889100807932 /* NSLayoutConstraint+VisualFormat.m */ = {isa = PBXFileReference; fileEncoding = 4; lastKnownFileType = sourcecode.c.objc; path = "NSLayoutConstraint+VisualFormat.m"; sourceTree = "<group>"; };
		4A8266F21BFD889100807932 /* UIView+AutoLayout.h */ = {isa = PBXFileReference; fileEncoding = 4; lastKnownFileType = sourcecode.c.h; path = "UIView+AutoLayout.h"; sourceTree = "<group>"; };
		4A8266F31BFD889100807932 /* UIView+AutoLayout.m */ = {isa = PBXFileReference; fileEncoding = 4; lastKnownFileType = sourcecode.c.objc; path = "UIView+AutoLayout.m"; sourceTree = "<group>"; };
/* End PBXFileReference section */

/* Begin PBXFrameworksBuildPhase section */
		4A8266BF1BFD87E100807932 /* Frameworks */ = {
			isa = PBXFrameworksBuildPhase;
			buildActionMask = 2147483647;
			files = (
			);
			runOnlyForDeploymentPostprocessing = 0;
		};
/* End PBXFrameworksBuildPhase section */

/* Begin PBXGroup section */
		4A8266B91BFD87E100807932 = {
			isa = PBXGroup;
			children = (
				4A8266C41BFD87E100807932 /* AutoLayoutDemo */,
				4A8266C31BFD87E100807932 /* Products */,
			);
			sourceTree = "<group>";
		};
		4A8266C31BFD87E100807932 /* Products */ = {
			isa = PBXGroup;
			children = (
				4A8266C21BFD87E100807932 /* AutoLayoutDemo.app */,
			);
			name = Products;
			sourceTree = "<group>";
		};
		4A8266C41BFD87E100807932 /* AutoLayoutDemo */ = {
			isa = PBXGroup;
			children = (
				4A8266EF1BFD889100807932 /* src */,
				4A8266C81BFD87E100807932 /* AppDelegate.h */,
				4A8266C91BFD87E100807932 /* AppDelegate.m */,
				4A8266CB1BFD87E100807932 /* ViewController.h */,
				4A8266CC1BFD87E100807932 /* ViewController.m */,
				4A8266CE1BFD87E100807932 /* Main.storyboard */,
				4A8266D11BFD87E100807932 /* Assets.xcassets */,
				4A8266D31BFD87E100807932 /* LaunchScreen.storyboard */,
				4A8266D61BFD87E100807932 /* Info.plist */,
				4A8266C51BFD87E100807932 /* Supporting Files */,
			);
			path = AutoLayoutDemo;
			sourceTree = "<group>";
		};
		4A8266C51BFD87E100807932 /* Supporting Files */ = {
			isa = PBXGroup;
			children = (
				4A8266C61BFD87E100807932 /* main.m */,
			);
			name = "Supporting Files";
			sourceTree = "<group>";
		};
		4A8266EF1BFD889100807932 /* src */ = {
			isa = PBXGroup;
			children = (
				4A8266F01BFD889100807932 /* NSLayoutConstraint+VisualFormat.h */,
				4A8266F11BFD889100807932 /* NSLayoutConstraint+VisualFormat.m */,
				4A8266F21BFD889100807932 /* UIView+AutoLayout.h */,
				4A8266F31BFD889100807932 /* UIView+AutoLayout.m */,
			);
			name = src;
			path = ../../src;
			sourceTree = "<group>";
		};
/* End PBXGroup section */

/* Begin PBXNativeTarget section */
		4A8266C11BFD87E100807932 /* AutoLayoutDemo */ = {
			isa = PBXNativeTarget;
			buildConfigurationList = 4A8266D91BFD87E100807932 /* Build configuration list for PBXNativeTarget "AutoLayoutDemo" */;
			buildPhases = (
				4A8266BE1BFD87E100807932 /* Sources */,
				4A8266BF1BFD87E100807932 /* Frameworks */,
				4A8266C01BFD87E100807932 /* Resources */,
			);
			buildRules = (
			);
			dependencies = (
			);
			name = AutoLayoutDemo;
			productName = AutoLayoutDemo;
			productReference = 4A8266C21BFD87E100807932 /* AutoLayoutDemo.app */;
			productType = "com.apple.product-type.application";
		};
/* End PBXNativeTarget section */

/* Begin PBXProject section */
		4A8266BA1BFD87E100807932 /* Project object */ = {
			isa = PBXProject;
			attributes = {
				LastUpgradeCheck = 0710;
				ORGANIZATIONNAME = XTools;
				TargetAttributes = {
					4A8266C11BFD87E100807932 = {
						CreatedOnToolsVersion = 7.1.1;
					};
				};
			};
			buildConfigurationList = 4A8266BD1BFD87E100807932 /* Build configuration list for PBXProject "AutoLayoutDemo" */;
			compatibilityVersion = "Xcode 3.2";
			developmentRegion = English;
			hasScannedForEncodings = 0;
			knownRegions = (
				en,
				Base,
			);
			mainGroup = 4A8266B91BFD87E100807932;
			productRefGroup = 4A8266C31BFD87E100807932 /* Products */;
			projectDirPath = "";
			projectRoot = "";
			targets = (
				4A8266C11BFD87E100807932 /* AutoLayoutDemo */,
			);
		};
/* End PBXProject section */

/* Begin PBXResourcesBuildPhase section */
		4A8266C01BFD87E100807932 /* Resources */ = {
			isa = PBXResourcesBuildPhase;
			buildActionMask = 2147483647;
			files = (
				4A8266D51BFD87E100807932 /* LaunchScreen.storyboard in Resources */,
				4A8266D21BFD87E100807932 /* Assets.xcassets in Resources */,
				4A8266D01BFD87E100807932 /* Main.storyboard in Resources */,
			);
			runOnlyForDeploymentPostprocessing = 0;
		};
/* End PBXResourcesBuildPhase section */

/* Begin PBXSourcesBuildPhase section */
		4A8266BE1BFD87E100807932 /* Sources */ = {
			isa = PBXSourcesBuildPhase;
			buildActionMask = 2147483647;
			files = (
				4A8266F51BFD889100807932 /* UIView+AutoLayout.m in Sources */,
				4A8266F41BFD889100807932 /* NSLayoutConstraint+VisualFormat.m in Sources */,
				4A8266CD1BFD87E100807932 /* ViewController.m in Sources */,
				4A8266CA1BFD87E100807932 /* AppDelegate.m in Sources */,
				4A8266C71BFD87E100807932 /* main.m in Sources */,
			);
			runOnlyForDeploymentPostprocessing = 0;
		};
/* End PBXSourcesBuildPhase section */

/* Begin PBXVariantGroup section */
		4A8266CE1BFD87E100807932 /* Main.storyboard */ = {
			isa = PBXVariantGroup;
			children = (
				4A8266CF1BFD87E100807932 /* Base */,
			);
			name = Main.storyboard;
			sourceTree = "<group>";
		};
		4A8266D31BFD87E100807932 /* LaunchScreen.storyboard */ = {
			isa = PBXVariantGroup;
			children = (
				4A8266D41BFD87E100807932 /* Base */,
			);
			name = LaunchScreen.storyboard;
			sourceTree = "<group>";
		};
/* End PBXVariantGroup section */

/* Begin XCBuildConfiguration section */
		4A8266D71BFD87E100807932 /* Debug */ = {
			isa = XCBuildConfiguration;
			buildSettings = {
				ALWAYS_SEARCH_USER_PATHS = NO;
				CLANG_CXX_LANGUAGE_STANDARD = "gnu++0x";
				CLANG_CXX_LIBRARY = "libc++";
				CLANG_ENABLE_MODULES = YES;
				CLANG_ENABLE_OBJC_ARC = YES;
				CLANG_WARN_BOOL_CONVERSION = YES;
				CLANG_WARN_CONSTANT_CONVERSION = YES;
				CLANG_WARN_DIRECT_OBJC_ISA_USAGE = YES_ERROR;
				CLANG_WARN_EMPTY_BODY = YES;
				CLANG_WARN_ENUM_CONVERSION = YES;
				CLANG_WARN_INT_CONVERSION = YES;
				CLANG_WARN_OBJC_ROOT_CLASS = YES_ERROR;
				CLANG_WARN_UNREACHABLE_CODE = YES;
				CLANG_WARN__DUPLICATE_METHOD_MATCH = YES;
				"CODE_SIGN_IDENTITY[sdk=iphoneos*]" = "iPhone Developer";
				COPY_PHASE_STRIP = NO;
				DEBUG_INFORMATION_FORMAT = dwarf;
				ENABLE_STRICT_OBJC_MSGSEND = YES;
				ENABLE_TESTABILITY = YES;
				GCC_C_LANGUAGE_STANDARD = gnu99;
				GCC_DYNAMIC_NO_PIC = NO;
				GCC_NO_COMMON_BLOCKS = YES;
				GCC_OPTIMIZATION_LEVEL = 0;
				GCC_PREPROCESSOR_DEFINITIONS = (
					"DEBUG=1",
					"$(inherited)",
				);
				GCC_WARN_64_TO_32_BIT_CONVERSION = YES;
				GCC_WARN_ABOUT_RETURN_TYPE = YES_ERROR;
				GCC_WARN_UNDECLARED_SELECTOR = YES;
				GCC_WARN_UNINITIALIZED_AUTOS = YES_AGGRESSIVE;
				GCC_WARN_UNUSED_FUNCTION = YES;
				GCC_WARN_UNUSED_VARIABLE = YES;
				IPHONEOS_DEPLOYMENT_TARGET = 9.1;
				MTL_ENABLE_DEBUG_INFO = YES;
				ONLY_ACTIVE_ARCH = YES;
				SDKROOT = iphoneos;
				TARGETED_DEVICE_FAMILY = "1,2";
			};
			name = Debug;
		};
		4A8266D81BFD87E100807932 /* Release */ = {
			isa = XCBuildConfiguration;
			buildSettings = {
				ALWAYS_SEARCH_USER_PATHS = NO;
				CLANG_CXX_LANGUAGE_STANDARD = "gnu++0x";
				CLANG_CXX_LIBRARY = "libc++";
				CLANG_ENABLE_MODULES = YES;
				CLANG_ENABLE_OBJC_ARC = YES;
				CLANG_WARN_BOOL_CONVERSION = YES;
				CLANG_WARN_CONSTANT_CONVERSION = YES;
				CLANG_WARN_DIRECT_OBJC_ISA_USAGE = YES_ERROR;
				CLANG_WARN_EMPTY_BODY = YES;
				CLANG_WARN_ENUM_CONVERSION = YES;
				CLANG_WARN_INT_CONVERSION = YES;
				CLANG_WARN_OBJC_ROOT_CLASS = YES_ERROR;
				CLANG_WARN_UNREACHABLE_CODE = YES;
				CLANG_WARN__DUPLICATE_METHOD_MATCH = YES;
				"CODE_SIGN_IDENTITY[sdk=iphoneos*]" = "iPhone Developer";
				COPY_PHASE_STRIP = NO;
				DEBUG_INFORMATION_FORMAT = "dwarf-with-dsym";
				ENABLE_NS_ASSERTIONS = NO;
				ENABLE_STRICT_OBJC_MSGSEND = YES;
				GCC_C_LANGUAGE_STANDARD = gnu99;
				GCC_NO_COMMON_BLOCKS = YES;
				GCC_WARN_64_TO_32_BIT_CONVERSION = YES;
				GCC_WARN_ABOUT_RETURN_TYPE = YES_ERROR;
				GCC_WARN_UNDECLARED_SELECTOR = YES;
				GCC_WARN_UNINITIALIZED_AUTOS = YES_AGGRESSIVE;
				GCC_WARN_UNUSED_FUNCTION = YES;
				GCC_WARN_UNUSED_VARIABLE = YES;
				IPHONEOS_DEPLOYMENT_TARGET = 9.1;
				MTL_ENABLE_DEBUG_INFO = NO;
				SDKROOT = iphoneos;
				TARGETED_DEVICE_FAMILY = "1,2";
				VALIDATE_PRODUCT = YES;
			};
			name = Release;
		};
		4A8266DA1BFD87E100807932 /* Debug */ = {
			isa = XCBuildConfiguration;
			buildSettings = {
				ASSETCATALOG_COMPILER_APPICON_NAME = AppIcon;
				INFOPLIST_FILE = AutoLayoutDemo/Info.plist;
				IPHONEOS_DEPLOYMENT_TARGET = 8.0;
				LD_RUNPATH_SEARCH_PATHS = "$(inherited) @executable_path/Frameworks";
				PRODUCT_BUNDLE_IDENTIFIER = com.autolayout.demo.AutoLayoutDemo;
				PRODUCT_NAME = "$(TARGET_NAME)";
			};
			name = Debug;
		};
		4A8266DB1BFD87E100807932 /* Release */ = {
			isa = XCBuildConfiguration;
			buildSettings = {
				ASSETCATALOG_COMPILER_APPICON_NAME = AppIcon;
				INFOPLIST_FILE = AutoLayoutDemo/Info.plist;
				IPHONEOS_DEPLOYMENT_TARGET = 8.0;
				LD_RUNPATH_SEARCH_PATHS = "$(inherited) @executable_path/Frameworks";
				PRODUCT_BUNDLE_IDENTIFIER = com.autolayout.demo.AutoLayoutDemo;
				PRODUCT_NAME = "$(TARGET_NAME)";
			};
			name = Release;
		};
/* End XCBuildConfiguration section */

/* Begin XCConfigurationList section */
		4A8266BD1BFD87E100807932 /* Build configuration list for PBXProject "AutoLayoutDemo" */ = {
			isa = XCConfigurationList;
			buildConfigurations = (
				4A8266D71BFD87E100807932 /* Debug */,
				4A8266D81BFD87E100807932 /* Release */,
			);
			defaultConfigurationIsVisible = 0;
			defaultConfigurationName = Release;
		};
		4A8266D91BFD87E100807932 /* Build configuration list for PBXNativeTarget "AutoLayoutDemo" */ = {
			isa = XCConfigurationList;
			buildConfigurations = (
				4A8266DA1BFD87E100807932 /* Debug */,
				4A8266DB1BFD87E100807932 /* Release */,
			);
			defaultConfigurationIsVisible = 0;
			defaultConfigurationName = Release;
		};
/* End XCConfigurationList section */
	};
	rootObject = 4A8266BA1BFD87E100807932 /* Project object */;
}
